
Microsoft Visual Studio Solution File, Format Version 12.00
# Visual Studio Version 16
VisualStudioVersion = 16.0.33423.256
MinimumVisualStudioVersion = 10.0.40219.1
Project("{FAE04EC0-301F-11D3-BF4B-00C04F79EFBC}") = "BookStore", "BookStore\BookStore.csproj", "{60DA19A4-A869-49D7-AC1D-F03780BBA2F6}"
EndProject
Global
	GlobalSection(SolutionConfigurationPlatforms) = preSolution
		Debug|Any CPU = Debug|Any CPU
		Release|Any CPU = Release|Any CPU
	EndGlobalSection
	GlobalSection(ProjectConfigurationPlatforms) = postSolution
		{60DA19A4-A869-49D7-AC1D-F03780BBA2F6}.Debug|Any CPU.ActiveCfg = Debug|Any CPU
		{60DA19A4-A869-49D7-AC1D-F03780BBA2F6}.Debug|Any CPU.Build.0 = Debug|Any CPU
		{60DA19A4-A869-49D7-AC1D-F03780BBA2F6}.Release|Any CPU.ActiveCfg = Release|Any CPU
		{60DA19A4-A869-49D7-AC1D-F03780BBA2F6}.Release|Any CPU.Build.0 = Release|Any CPU
	EndGlobalSection
	GlobalSection(SolutionProperties) = preSolution
		HideSolutionNode = FALSE
	EndGlobalSection
	GlobalSection(ExtensibilityGlobals) = postSolution
		SolutionGuid = {CFC30418-7CF5-4BB3-919A-D5FF046DE5CE}
	EndGlobalSection
EndGlobal
